
Microsoft Visual Studio Solution File, Format Version 12.00
# Visual Studio 15
VisualStudioVersion = 15.0.27703.2018
MinimumVisualStudioVersion = 10.0.40219.1
Project("{FAE04EC0-301F-11D3-BF4B-00C04F79EFBC}") = "NullObjectPattern", "NullObjectPattern\NullObjectPattern.csproj", "{8FBEA1FC-1D64-4253-A3D4-FB3BD3C3AB3F}"
EndProject
Global
	GlobalSection(SolutionConfigurationPlatforms) = preSolution
		Debug|Any CPU = Debug|Any CPU
		Release|Any CPU = Release|Any CPU
	EndGlobalSection
	GlobalSection(ProjectConfigurationPlatforms) = postSolution
		{8FBEA1FC-1D64-4253-A3D4-FB3BD3C3AB3F}.Debug|Any CPU.ActiveCfg = Debug|Any CPU
		{8FBEA1FC-1D64-4253-A3D4-FB3BD3C3AB3F}.Debug|Any CPU.Build.0 = Debug|Any CPU
		{8FBEA1FC-1D64-4253-A3D4-FB3BD3C3AB3F}.Release|Any CPU.ActiveCfg = Release|Any CPU
		{8FBEA1FC-1D64-4253-A3D4-FB3BD3C3AB3F}.Release|Any CPU.Build.0 = Release|Any CPU
	EndGlobalSection
	GlobalSection(SolutionProperties) = preSolution
		HideSolutionNode = FALSE
	EndGlobalSection
	GlobalSection(ExtensibilityGlobals) = postSolution
		SolutionGuid = {239D0CCC-EF0D-4770-AB29-3353114F0AB2}
	EndGlobalSection
EndGlobal
