
Microsoft Visual Studio Solution File, Format Version 12.00
# Visual Studio 15
VisualStudioVersion = 15.0.27703.2018
MinimumVisualStudioVersion = 10.0.40219.1
Project("{FAE04EC0-301F-11D3-BF4B-00C04F79EFBC}") = "CommandPattern", "CommandPattern\CommandPattern.csproj", "{661E1A7A-E1BA-4C5C-80F5-A729770C0F6E}"
EndProject
Global
	GlobalSection(SolutionConfigurationPlatforms) = preSolution
		Debug|Any CPU = Debug|Any CPU
		Release|Any CPU = Release|Any CPU
	EndGlobalSection
	GlobalSection(ProjectConfigurationPlatforms) = postSolution
		{661E1A7A-E1BA-4C5C-80F5-A729770C0F6E}.Debug|Any CPU.ActiveCfg = Debug|Any CPU
		{661E1A7A-E1BA-4C5C-80F5-A729770C0F6E}.Debug|Any CPU.Build.0 = Debug|Any CPU
		{661E1A7A-E1BA-4C5C-80F5-A729770C0F6E}.Release|Any CPU.ActiveCfg = Release|Any CPU
		{661E1A7A-E1BA-4C5C-80F5-A729770C0F6E}.Release|Any CPU.Build.0 = Release|Any CPU
	EndGlobalSection
	GlobalSection(SolutionProperties) = preSolution
		HideSolutionNode = FALSE
	EndGlobalSection
	GlobalSection(ExtensibilityGlobals) = postSolution
		SolutionGuid = {5438AFE9-2B69-4F11-B887-67E0D8F2DB64}
	EndGlobalSection
EndGlobal
